{
  "version": 4,
  "terraform_version": "1.14.4",
  "serial": 8,
  "lineage": "73221908-0d41-7408-27ee-8ac1a77287e7",
  "outputs": {
    "node_public_ip": {
      "value": "34.133.228.133",
      "type": "string"
    }
  },
  "resources": [
    {
      "mode": "managed",
      "type": "google_compute_firewall",
      "name": "allow_ssh",
      "provider": "provider[\"registry.terraform.io/hashicorp/google\"]",
      "instances": [
        {
          "schema_version": 1,
          "attributes": {
            "allow": [
              {
                "ports": [
                  "22"
                ],
                "protocol": "tcp"
              }
            ],
            "creation_timestamp": "2026-02-26T07:41:51.578-08:00",
            "deny": [],
            "description": "",
            "destination_ranges": [],
            "direction": "INGRESS",
            "disabled": false,
            "enable_logging": null,
            "id": "projects/globalconnect-dev/global/firewalls/allow-ssh",
            "log_config": [],
            "name": "allow-ssh",
            "network": "https://www.googleapis.com/compute/v1/projects/globalconnect-dev/global/networks/vpn-network",
            "params": [],
            "priority": 1000,
            "project": "globalconnect-dev",
            "self_link": "https://www.googleapis.com/compute/v1/projects/globalconnect-dev/global/firewalls/allow-ssh",
            "source_ranges": [
              "0.0.0.0/0"
            ],
            "source_service_accounts": [],
            "source_tags": [],
            "target_service_accounts": [],
            "target_tags": [],
            "timeouts": null
          },
          "sensitive_attributes": [],
          "identity_schema_version": 0,
          "private": "eyJlMmJmYjczMC1lY2FhLTExZTYtOGY4OC0zNDM2M2JjN2M0YzAiOnsiY3JlYXRlIjoxMjAwMDAwMDAwMDAwLCJkZWxldGUiOjEyMDAwMDAwMDAwMDAsInVwZGF0ZSI6MTIwMDAwMDAwMDAwMH0sInNjaGVtYV92ZXJzaW9uIjoiMSJ9",
          "dependencies": [
            "google_compute_network.vpn_network"
          ]
        }
      ]
    },
    {
      "mode": "managed",
      "type": "google_compute_firewall",
      "name": "allow_wireguard",
      "provider": "provider[\"registry.terraform.io/hashicorp/google\"]",
      "instances": [
        {
          "schema_version": 1,
          "attributes": {
            "allow": [
              {
                "ports": [
                  "51820"
                ],
                "protocol": "udp"
              }
            ],
            "creation_timestamp": "2026-02-26T07:41:51.141-08:00",
            "deny": [],
            "description": "",
            "destination_ranges": [],
            "direction": "INGRESS",
            "disabled": false,
            "enable_logging": null,
            "id": "projects/globalconnect-dev/global/firewalls/allow-wireguard",
            "log_config": [],
            "name": "allow-wireguard",
            "network": "https://www.googleapis.com/compute/v1/projects/globalconnect-dev/global/networks/vpn-network",
            "params": [],
            "priority": 1000,
            "project": "globalconnect-dev",
            "self_link": "https://www.googleapis.com/compute/v1/projects/globalconnect-dev/global/firewalls/allow-wireguard",
            "source_ranges": [
              "0.0.0.0/0"
            ],
            "source_service_accounts": [],
            "source_tags": [],
            "target_service_accounts": [],
            "target_tags": [],
            "timeouts": null
          },
          "sensitive_attributes": [],
          "identity_schema_version": 0,
          "private": "eyJlMmJmYjczMC1lY2FhLTExZTYtOGY4OC0zNDM2M2JjN2M0YzAiOnsiY3JlYXRlIjoxMjAwMDAwMDAwMDAwLCJkZWxldGUiOjEyMDAwMDAwMDAwMDAsInVwZGF0ZSI6MTIwMDAwMDAwMDAwMH0sInNjaGVtYV92ZXJzaW9uIjoiMSJ9",
          "dependencies": [
            "google_compute_network.vpn_network"
          ]
        }
      ]
    },
    {
      "mode": "managed",
      "type": "google_compute_instance",
      "name": "vpn_node",
      "provider": "provider[\"registry.terraform.io/hashicorp/google\"]",
      "instances": [
        {
          "schema_version": 6,
          "attributes": {
            "advanced_machine_features": [],
            "allow_stopping_for_update": null,
            "attached_disk": [],
            "boot_disk": [
              {
                "auto_delete": true,
                "device_name": "persistent-disk-0",
                "disk_encryption_key_raw": "",
                "disk_encryption_key_rsa": "",
                "disk_encryption_key_sha256": "",
                "disk_encryption_service_account": "",
                "force_attach": false,
                "guest_os_features": [
                  "VIRTIO_SCSI_MULTIQUEUE",
                  "SEV_CAPABLE",
                  "SEV_SNP_CAPABLE",
                  "SEV_LIVE_MIGRATABLE",
                  "SEV_LIVE_MIGRATABLE_V2",
                  "IDPF",
                  "TDX_CAPABLE",
                  "UEFI_COMPATIBLE",
                  "GVNIC"
                ],
                "initialize_params": [
                  {
                    "architecture": "",
                    "enable_confidential_compute": false,
                    "image": "ubuntu-os-cloud/ubuntu-2204-lts",
                    "labels": {},
                    "provisioned_iops": 0,
                    "provisioned_throughput": 0,
                    "resource_manager_tags": null,
                    "resource_policies": [],
                    "size": 20,
                    "snapshot": "",
                    "source_image_encryption_key": [],
                    "source_snapshot_encryption_key": [],
                    "storage_pool": "",
                    "type": ""
                  }
                ],
                "interface": "",
                "kms_key_self_link": "",
                "mode": "READ_WRITE",
                "source": "https://www.googleapis.com/compute/v1/projects/globalconnect-dev/zones/us-central1-a/disks/vpn-node-us-east"
              }
            ],
            "can_ip_forward": true,
            "confidential_instance_config": [],
            "cpu_platform": "AMD Rome",
            "creation_timestamp": "2026-02-26T07:53:25.874-08:00",
            "current_status": "RUNNING",
            "deletion_protection": false,
            "description": "",
            "desired_status": null,
            "effective_labels": {
              "goog-terraform-provisioned": "true"
            },
            "enable_display": false,
            "guest_accelerator": [],
            "hostname": "",
            "id": "projects/globalconnect-dev/zones/us-central1-a/instances/vpn-node-us-east",
            "instance_encryption_key": [],
            "instance_id": "473001663298130586",
            "key_revocation_action_type": "",
            "label_fingerprint": "vezUS-42LLM=",
            "labels": null,
            "machine_type": "e2-micro",
            "metadata": null,
            "metadata_fingerprint": "I2DKJu3U6yU=",
            "metadata_startup_script": "#!/bin/bash\n# VPN Node Agent Startup Script\n\n# 1. Update and Install Dependencies\napt-get update\napt-get install -y wireguard-tools iptables git wget\n\n# 2. Enable IPv4 Forwarding (Critical for VPN)\necho \"net.ipv4.ip_forward=1\" \u003e\u003e /etc/sysctl.conf\nsysctl -p\n\n# 3. Setup basic NAT (Masquerade)\n# Assuming 'eth0' is the public interface and 'wg0' is the tunnel\niptables -t nat -A POSTROUTING -s 10.8.0.0/24 -o eth0 -j MASQUERADE\n# Make iptables persistent\napt-get install -y iptables-persistent\niptables-save \u003e /etc/iptables/rules.v4\n\n# 4. Install Go (Minimal version for agent)\nVERSION=\"1.21.0\"\nwget https://go.dev/dl/go${VERSION}.linux-amd64.tar.gz\nrm -rf /usr/local/go \u0026\u0026 tar -C /usr/local -xzf go${VERSION}.linux-amd64.tar.gz\nexport PATH=$PATH:/usr/local/go/bin\n\n# 5. Setup Project \u0026 Build Agent\n# Note: In production, you would pull from a private repo or download a release binary.\n# For POC, we clones the repo (assuming it is public or ssh keys are set).\nmkdir -p /opt/vpn\ncd /opt/vpn\n\n# [PLACEHOLDER] Clone your repository here:\ngit clone https://github.com/leonidpetrosian/temp-a41965.git .\n\n# Since we are in a local dev environment, as a POC, we will just create \n# a placeholder service that expects the code to be available at /opt/vpn\n# Or we can use Terraform to upload the code.\n\n# 6. Create wg0 interface (empty for now, agent will fill it)\nip link add dev wg0 type wireguard\nip address add dev wg0 10.8.0.1/24\nip link set up dev wg0\n\n# 7. Create Systemd Service for Agent\ncat \u003c\u003cEOF \u003e /etc/systemd/system/vpn-agent.service\n[Unit]\nDescription=VPN Node Agent\nAfter=network.target\n\n[Service]\nType=simple\nUser=root\nWorkingDirectory=/opt/vpn\nEnvironment=\"PATH=/usr/local/go/bin:/usr/bin:/bin\"\nExecStart=/usr/local/go/bin/go run cmd/agent/*.go\nRestart=always\n\n[Install]\nWantedBy=multi-user.target\nEOF\n\nsystemctl daemon-reload\n# systemctl enable vpn-agent\n# systemctl start vpn-agent\n",
            "min_cpu_platform": "",
            "name": "vpn-node-us-east",
            "network_interface": [
              {
                "access_config": [
                  {
                    "nat_ip": "34.133.228.133",
                    "network_tier": "PREMIUM",
                    "public_ptr_domain_name": ""
                  }
                ],
                "alias_ip_range": [],
                "igmp_query": "",
                "internal_ipv6_prefix_length": 0,
                "ipv6_access_config": [],
                "ipv6_access_type": "",
                "ipv6_address": "",
                "name": "nic0",
                "network": "https://www.googleapis.com/compute/v1/projects/globalconnect-dev/global/networks/vpn-network",
                "network_attachment": "",
                "network_ip": "10.128.0.3",
                "nic_type": "",
                "parent_nic_name": "",
                "queue_count": 0,
                "stack_type": "IPV4_ONLY",
                "subnetwork": "https://www.googleapis.com/compute/v1/projects/globalconnect-dev/regions/us-central1/subnetworks/vpn-network",
                "subnetwork_project": "globalconnect-dev",
                "vlan": 0
              }
            ],
            "network_performance_config": [],
            "params": [],
            "project": "globalconnect-dev",
            "reservation_affinity": [],
            "resource_policies": null,
            "scheduling": [
              {
                "automatic_restart": true,
                "availability_domain": 0,
                "instance_termination_action": "",
                "local_ssd_recovery_timeout": [],
                "max_run_duration": [],
                "min_node_cpus": 0,
                "node_affinities": [],
                "on_host_maintenance": "MIGRATE",
                "on_instance_stop_action": [],
                "preemptible": false,
                "provisioning_model": "STANDARD",
                "termination_time": ""
              }
            ],
            "scratch_disk": [],
            "self_link": "https://www.googleapis.com/compute/v1/projects/globalconnect-dev/zones/us-central1-a/instances/vpn-node-us-east",
            "service_account": [],
            "shielded_instance_config": [
              {
                "enable_integrity_monitoring": true,
                "enable_secure_boot": false,
                "enable_vtpm": true
              }
            ],
            "tags": [
              "vpn",
              "wireguard"
            ],
            "tags_fingerprint": "jreaVCPP0WE=",
            "terraform_labels": {
              "goog-terraform-provisioned": "true"
            },
            "timeouts": null,
            "zone": "us-central1-a"
          },
          "sensitive_attributes": [
            [
              {
                "type": "get_attr",
                "value": "boot_disk"
              },
              {
                "type": "index",
                "value": {
                  "value": 0,
                  "type": "number"
                }
              },
              {
                "type": "get_attr",
                "value": "disk_encryption_key_raw"
              }
            ],
            [
              {
                "type": "get_attr",
                "value": "boot_disk"
              },
              {
                "type": "index",
                "value": {
                  "value": 0,
                  "type": "number"
                }
              },
              {
                "type": "get_attr",
                "value": "disk_encryption_key_rsa"
              }
            ]
          ],
          "identity_schema_version": 0,
          "private": "eyJlMmJmYjczMC1lY2FhLTExZTYtOGY4OC0zNDM2M2JjN2M0YzAiOnsiY3JlYXRlIjoxMjAwMDAwMDAwMDAwLCJkZWxldGUiOjEyMDAwMDAwMDAwMDAsInVwZGF0ZSI6MTIwMDAwMDAwMDAwMH0sInNjaGVtYV92ZXJzaW9uIjoiNiJ9",
          "dependencies": [
            "google_compute_network.vpn_network"
          ]
        }
      ]
    },
    {
      "mode": "managed",
      "type": "google_compute_network",
      "name": "vpn_network",
      "provider": "provider[\"registry.terraform.io/hashicorp/google\"]",
      "instances": [
        {
          "schema_version": 0,
          "attributes": {
            "auto_create_subnetworks": true,
            "bgp_always_compare_med": false,
            "bgp_best_path_selection_mode": "LEGACY",
            "bgp_inter_region_cost": "",
            "delete_bgp_always_compare_med": false,
            "delete_default_routes_on_create": false,
            "description": "",
            "enable_ula_internal_ipv6": false,
            "gateway_ipv4": "",
            "id": "projects/globalconnect-dev/global/networks/vpn-network",
            "internal_ipv6_range": "",
            "mtu": 0,
            "name": "vpn-network",
            "network_firewall_policy_enforcement_order": "AFTER_CLASSIC_FIREWALL",
            "network_id": "926827501434296188",
            "network_profile": "",
            "numeric_id": "926827501434296188",
            "params": [],
            "project": "globalconnect-dev",
            "routing_mode": "REGIONAL",
            "self_link": "https://www.googleapis.com/compute/v1/projects/globalconnect-dev/global/networks/vpn-network",
            "timeouts": null
          },
          "sensitive_attributes": [],
          "identity_schema_version": 0,
          "private": "eyJlMmJmYjczMC1lY2FhLTExZTYtOGY4OC0zNDM2M2JjN2M0YzAiOnsiY3JlYXRlIjoxMjAwMDAwMDAwMDAwLCJkZWxldGUiOjEyMDAwMDAwMDAwMDAsInVwZGF0ZSI6MTIwMDAwMDAwMDAwMH19"
        }
      ]
    }
  ],
  "check_results": null
}
